// !$*UTF8*$!
{
	archiveVersion = 1;
	classes = {
	};
	objectVersion = 46;
	objects = {

/* Begin PBXBuildFile section */
		B0FB6B881EE119AE00248E63 /* AppDelegate.swift in Sources */ = {isa = PBXBuildFile; fileRef = B0FB6B871EE119AE00248E63 /* AppDelegate.swift */; };
		B0FB6B8A1EE119AE00248E63 /* ViewController.swift in Sources */ = {isa = PBXBuildFile; fileRef = B0FB6B891EE119AE00248E63 /* ViewController.swift */; };
		B0FB6B8D1EE119AE00248E63 /* Main.storyboard in Resources */ = {isa = PBXBuildFile; fileRef = B0FB6B8B1EE119AE00248E63 /* Main.storyboard */; };
		B0FB6B8F1EE119AE00248E63 /* Assets.xcassets in Resources */ = {isa = PBXBuildFile; fileRef = B0FB6B8E1EE119AE00248E63 /* Assets.xcassets */; };
		B0FB6B921EE119AE00248E63 /* LaunchScreen.storyboard in Resources */ = {isa = PBXBuildFile; fileRef = B0FB6B901EE119AE00248E63 /* LaunchScreen.storyboard */; };
		B0FB6B9D1EE119AF00248E63 /* QuizTests.swift in Sources */ = {isa = PBXBuildFile; fileRef = B0FB6B9C1EE119AF00248E63 /* QuizTests.swift */; };
		B0FB6BA81EE119AF00248E63 /* QuizUITests.swift in Sources */ = {isa = PBXBuildFile; fileRef = B0FB6BA71EE119AF00248E63 /* QuizUITests.swift */; };
/* End PBXBuildFile section */

/* Begin PBXContainerItemProxy section */
		B0FB6B991EE119AF00248E63 /* PBXContainerItemProxy */ = {
			isa = PBXContainerItemProxy;
			containerPortal = B0FB6B7C1EE119AE00248E63 /* Project object */;
			proxyType = 1;
			remoteGlobalIDString = B0FB6B831EE119AE00248E63;
			remoteInfo = Quiz;
		};
		B0FB6BA41EE119AF00248E63 /* PBXContainerItemProxy */ = {
			isa = PBXContainerItemProxy;
			containerPortal = B0FB6B7C1EE119AE00248E63 /* Project object */;
			proxyType = 1;
			remoteGlobalIDString = B0FB6B831EE119AE00248E63;
			remoteInfo = Quiz;
		};
/* End PBXContainerItemProxy section */

/* Begin PBXFileReference section */
		B0FB6B841EE119AE00248E63 /* Quiz.app */ = {isa = PBXFileReference; explicitFileType = wrapper.application; includeInIndex = 0; path = Quiz.app; sourceTree = BUILT_PRODUCTS_DIR; };
		B0FB6B871EE119AE00248E63 /* AppDelegate.swift */ = {isa = PBXFileReference; lastKnownFileType = sourcecode.swift; path = AppDelegate.swift; sourceTree = "<group>"; };
		B0FB6B891EE119AE00248E63 /* ViewController.swift */ = {isa = PBXFileReference; lastKnownFileType = sourcecode.swift; path = ViewController.swift; sourceTree = "<group>"; };
		B0FB6B8C1EE119AE00248E63 /* Base */ = {isa = PBXFileReference; lastKnownFileType = file.storyboard; name = Base; path = Base.lproj/Main.storyboard; sourceTree = "<group>"; };
		B0FB6B8E1EE119AE00248E63 /* Assets.xcassets */ = {isa = PBXFileReference; lastKnownFileType = folder.assetcatalog; path = Assets.xcassets; sourceTree = "<group>"; };
		B0FB6B911EE119AE00248E63 /* Base */ = {isa = PBXFileReference; lastKnownFileType = file.storyboard; name = Base; path = Base.lproj/LaunchScreen.storyboard; sourceTree = "<group>"; };
		B0FB6B931EE119AE00248E63 /* Info.plist */ = {isa = PBXFileReference; lastKnownFileType = text.plist.xml; path = Info.plist; sourceTree = "<group>"; };
		B0FB6B981EE119AF00248E63 /* QuizTests.xctest */ = {isa = PBXFileReference; explicitFileType = wrapper.cfbundle; includeInIndex = 0; path = QuizTests.xctest; sourceTree = BUILT_PRODUCTS_DIR; };
		B0FB6B9C1EE119AF00248E63 /* QuizTests.swift */ = {isa = PBXFileReference; lastKnownFileType = sourcecode.swift; path = QuizTests.swift; sourceTree = "<group>"; };
		B0FB6B9E1EE119AF00248E63 /* Info.plist */ = {isa = PBXFileReference; lastKnownFileType = text.plist.xml; path = Info.plist; sourceTree = "<group>"; };
		B0FB6BA31EE119AF00248E63 /* QuizUITests.xctest */ = {isa = PBXFileReference; explicitFileType = wrapper.cfbundle; includeInIndex = 0; path = QuizUITests.xctest; sourceTree = BUILT_PRODUCTS_DIR; };
		B0FB6BA71EE119AF00248E63 /* QuizUITests.swift */ = {isa = PBXFileReference; lastKnownFileType = sourcecode.swift; path = QuizUITests.swift; sourceTree = "<group>"; };
		B0FB6BA91EE119AF00248E63 /* Info.plist */ = {isa = PBXFileReference; lastKnownFileType = text.plist.xml; path = Info.plist; sourceTree = "<group>"; };
/* End PBXFileReference section */

/* Begin PBXFrameworksBuildPhase section */
		B0FB6B811EE119AE00248E63 /* Frameworks */ = {
			isa = PBXFrameworksBuildPhase;
			buildActionMask = 2147483647;
			files = (
			);
			runOnlyForDeploymentPostprocessing = 0;
		};
		B0FB6B951EE119AF00248E63 /* Frameworks */ = {
			isa = PBXFrameworksBuildPhase;
			buildActionMask = 2147483647;
			files = (
			);
			runOnlyForDeploymentPostprocessing = 0;
		};
		B0FB6BA01EE119AF00248E63 /* Frameworks */ = {
			isa = PBXFrameworksBuildPhase;
			buildActionMask = 2147483647;
			files = (
			);
			runOnlyForDeploymentPostprocessing = 0;
		};
/* End PBXFrameworksBuildPhase section */

/* Begin PBXGroup section */
		B0FB6B7B1EE119AE00248E63 = {
			isa = PBXGroup;
			children = (
				B0FB6B861EE119AE00248E63 /* Quiz */,
				B0FB6B9B1EE119AF00248E63 /* QuizTests */,
				B0FB6BA61EE119AF00248E63 /* QuizUITests */,
				B0FB6B851EE119AE00248E63 /* Products */,
			);
			sourceTree = "<group>";
		};
		B0FB6B851EE119AE00248E63 /* Products */ = {
			isa = PBXGroup;
			children = (
				B0FB6B841EE119AE00248E63 /* Quiz.app */,
				B0FB6B981EE119AF00248E63 /* QuizTests.xctest */,
				B0FB6BA31EE119AF00248E63 /* QuizUITests.xctest */,
			);
			name = Products;
			sourceTree = "<group>";
		};
		B0FB6B861EE119AE00248E63 /* Quiz */ = {
			isa = PBXGroup;
			children = (
				B0FB6B871EE119AE00248E63 /* AppDelegate.swift */,
				B0FB6B891EE119AE00248E63 /* ViewController.swift */,
				B0FB6B8B1EE119AE00248E63 /* Main.storyboard */,
				B0FB6B8E1EE119AE00248E63 /* Assets.xcassets */,
				B0FB6B901EE119AE00248E63 /* LaunchScreen.storyboard */,
				B0FB6B931EE119AE00248E63 /* Info.plist */,
			);
			path = Quiz;
			sourceTree = "<group>";
		};
		B0FB6B9B1EE119AF00248E63 /* QuizTests */ = {
			isa = PBXGroup;
			children = (
				B0FB6B9C1EE119AF00248E63 /* QuizTests.swift */,
				B0FB6B9E1EE119AF00248E63 /* Info.plist */,
			);
			path = QuizTests;
			sourceTree = "<group>";
		};
		B0FB6BA61EE119AF00248E63 /* QuizUITests */ = {
			isa = PBXGroup;
			children = (
				B0FB6BA71EE119AF00248E63 /* QuizUITests.swift */,
				B0FB6BA91EE119AF00248E63 /* Info.plist */,
			);
			path = QuizUITests;
			sourceTree = "<group>";
		};
/* End PBXGroup section */

/* Begin PBXNativeTarget section */
		B0FB6B831EE119AE00248E63 /* Quiz */ = {
			isa = PBXNativeTarget;
			buildConfigurationList = B0FB6BAC1EE119AF00248E63 /* Build configuration list for PBXNativeTarget "Quiz" */;
			buildPhases = (
				B0FB6B801EE119AE00248E63 /* Sources */,
				B0FB6B811EE119AE00248E63 /* Frameworks */,
				B0FB6B821EE119AE00248E63 /* Resources */,
			);
			buildRules = (
			);
			dependencies = (
			);
			name = Quiz;
			productName = Quiz;
			productReference = B0FB6B841EE119AE00248E63 /* Quiz.app */;
			productType = "com.apple.product-type.application";
		};
		B0FB6B971EE119AF00248E63 /* QuizTests */ = {
			isa = PBXNativeTarget;
			buildConfigurationList = B0FB6BAF1EE119AF00248E63 /* Build configuration list for PBXNativeTarget "QuizTests" */;
			buildPhases = (
				B0FB6B941EE119AF00248E63 /* Sources */,
				B0FB6B951EE119AF00248E63 /* Frameworks */,
				B0FB6B961EE119AF00248E63 /* Resources */,
			);
			buildRules = (
			);
			dependencies = (
				B0FB6B9A1EE119AF00248E63 /* PBXTargetDependency */,
			);
			name = QuizTests;
			productName = QuizTests;
			productReference = B0FB6B981EE119AF00248E63 /* QuizTests.xctest */;
			productType = "com.apple.product-type.bundle.unit-test";
		};
		B0FB6BA21EE119AF00248E63 /* QuizUITests */ = {
			isa = PBXNativeTarget;
			buildConfigurationList = B0FB6BB21EE119AF00248E63 /* Build configuration list for PBXNativeTarget "QuizUITests" */;
			buildPhases = (
				B0FB6B9F1EE119AF00248E63 /* Sources */,
				B0FB6BA01EE119AF00248E63 /* Frameworks */,
				B0FB6BA11EE119AF00248E63 /* Resources */,
			);
			buildRules = (
			);
			dependencies = (
				B0FB6BA51EE119AF00248E63 /* PBXTargetDependency */,
			);
			name = QuizUITests;
			productName = QuizUITests;
			productReference = B0FB6BA31EE119AF00248E63 /* QuizUITests.xctest */;
			productType = "com.apple.product-type.bundle.ui-testing";
		};
/* End PBXNativeTarget section */

/* Begin PBXProject section */
		B0FB6B7C1EE119AE00248E63 /* Project object */ = {
			isa = PBXProject;
			attributes = {
				LastSwiftUpdateCheck = 0830;
				LastUpgradeCheck = 0830;
				ORGANIZATIONNAME = wayne;
				TargetAttributes = {
					B0FB6B831EE119AE00248E63 = {
						CreatedOnToolsVersion = 8.3;
						DevelopmentTeam = 8SJXRJ78CW;
						ProvisioningStyle = Automatic;
					};
					B0FB6B971EE119AF00248E63 = {
						CreatedOnToolsVersion = 8.3;
						DevelopmentTeam = 8SJXRJ78CW;
						ProvisioningStyle = Automatic;
						TestTargetID = B0FB6B831EE119AE00248E63;
					};
					B0FB6BA21EE119AF00248E63 = {
						CreatedOnToolsVersion = 8.3;
						DevelopmentTeam = 8SJXRJ78CW;
						ProvisioningStyle = Automatic;
						TestTargetID = B0FB6B831EE119AE00248E63;
					};
				};
			};
			buildConfigurationList = B0FB6B7F1EE119AE00248E63 /* Build configuration list for PBXProject "Quiz" */;
			compatibilityVersion = "Xcode 3.2";
			developmentRegion = English;
			hasScannedForEncodings = 0;
			knownRegions = (
				en,
				Base,
			);
			mainGroup = B0FB6B7B1EE119AE00248E63;
			productRefGroup = B0FB6B851EE119AE00248E63 /* Products */;
			projectDirPath = "";
			projectRoot = "";
			targets = (
				B0FB6B831EE119AE00248E63 /* Quiz */,
				B0FB6B971EE119AF00248E63 /* QuizTests */,
				B0FB6BA21EE119AF00248E63 /* QuizUITests */,
			);
		};
/* End PBXProject section */

/* Begin PBXResourcesBuildPhase section */
		B0FB6B821EE119AE00248E63 /* Resources */ = {
			isa = PBXResourcesBuildPhase;
			buildActionMask = 2147483647;
			files = (
				B0FB6B921EE119AE00248E63 /* LaunchScreen.storyboard in Resources */,
				B0FB6B8F1EE119AE00248E63 /* Assets.xcassets in Resources */,
				B0FB6B8D1EE119AE00248E63 /* Main.storyboard in Resources */,
			);
			runOnlyForDeploymentPostprocessing = 0;
		};
		B0FB6B961EE119AF00248E63 /* Resources */ = {
			isa = PBXResourcesBuildPhase;
			buildActionMask = 2147483647;
			files = (
			);
			runOnlyForDeploymentPostprocessing = 0;
		};
		B0FB6BA11EE119AF00248E63 /* Resources */ = {
			isa = PBXResourcesBuildPhase;
			buildActionMask = 2147483647;
			files = (
			);
			runOnlyForDeploymentPostprocessing = 0;
		};
/* End PBXResourcesBuildPhase section */

/* Begin PBXSourcesBuildPhase section */
		B0FB6B801EE119AE00248E63 /* Sources */ = {
			isa = PBXSourcesBuildPhase;
			buildActionMask = 2147483647;
			files = (
				B0FB6B8A1EE119AE00248E63 /* ViewController.swift in Sources */,
				B0FB6B881EE119AE00248E63 /* AppDelegate.swift in Sources */,
			);
			runOnlyForDeploymentPostprocessing = 0;
		};
		B0FB6B941EE119AF00248E63 /* Sources */ = {
			isa = PBXSourcesBuildPhase;
			buildActionMask = 2147483647;
			files = (
				B0FB6B9D1EE119AF00248E63 /* QuizTests.swift in Sources */,
			);
			runOnlyForDeploymentPostprocessing = 0;
		};
		B0FB6B9F1EE119AF00248E63 /* Sources */ = {
			isa = PBXSourcesBuildPhase;
			buildActionMask = 2147483647;
			files = (
				B0FB6BA81EE119AF00248E63 /* QuizUITests.swift in Sources */,
			);
			runOnlyForDeploymentPostprocessing = 0;
		};
/* End PBXSourcesBuildPhase section */

/* Begin PBXTargetDependency section */
		B0FB6B9A1EE119AF00248E63 /* PBXTargetDependency */ = {
			isa = PBXTargetDependency;
			target = B0FB6B831EE119AE00248E63 /* Quiz */;
			targetProxy = B0FB6B991EE119AF00248E63 /* PBXContainerItemProxy */;
		};
		B0FB6BA51EE119AF00248E63 /* PBXTargetDependency */ = {
			isa = PBXTargetDependency;
			target = B0FB6B831EE119AE00248E63 /* Quiz */;
			targetProxy = B0FB6BA41EE119AF00248E63 /* PBXContainerItemProxy */;
		};
/* End PBXTargetDependency section */

/* Begin PBXVariantGroup section */
		B0FB6B8B1EE119AE00248E63 /* Main.storyboard */ = {
			isa = PBXVariantGroup;
			children = (
				B0FB6B8C1EE119AE00248E63 /* Base */,
			);
			name = Main.storyboard;
			sourceTree = "<group>";
		};
		B0FB6B901EE119AE00248E63 /* LaunchScreen.storyboard */ = {
			isa = PBXVariantGroup;
			children = (
				B0FB6B911EE119AE00248E63 /* Base */,
			);
			name = LaunchScreen.storyboard;
			sourceTree = "<group>";
		};
/* End PBXVariantGroup section */

/* Begin XCBuildConfiguration section */
		B0FB6BAA1EE119AF00248E63 /* Debug */ = {
			isa = XCBuildConfiguration;
			buildSettings = {
				ALWAYS_SEARCH_USER_PATHS = NO;
				CLANG_ANALYZER_NONNULL = YES;
				CLANG_ANALYZER_NUMBER_OBJECT_CONVERSION = YES_AGGRESSIVE;
				CLANG_CXX_LANGUAGE_STANDARD = "gnu++0x";
				CLANG_CXX_LIBRARY = "libc++";
				CLANG_ENABLE_MODULES = YES;
				CLANG_ENABLE_OBJC_ARC = YES;
				CLANG_WARN_BOOL_CONVERSION = YES;
				CLANG_WARN_CONSTANT_CONVERSION = YES;
				CLANG_WARN_DIRECT_OBJC_ISA_USAGE = YES_ERROR;
				CLANG_WARN_DOCUMENTATION_COMMENTS = YES;
				CLANG_WARN_EMPTY_BODY = YES;
				CLANG_WARN_ENUM_CONVERSION = YES;
				CLANG_WARN_INFINITE_RECURSION = YES;
				CLANG_WARN_INT_CONVERSION = YES;
				CLANG_WARN_OBJC_ROOT_CLASS = YES_ERROR;
				CLANG_WARN_SUSPICIOUS_MOVE = YES;
				CLANG_WARN_UNREACHABLE_CODE = YES;
				CLANG_WARN__DUPLICATE_METHOD_MATCH = YES;
				"CODE_SIGN_IDENTITY[sdk=iphoneos*]" = "iPhone Developer";
				COPY_PHASE_STRIP = NO;
				DEBUG_INFORMATION_FORMAT = dwarf;
				ENABLE_STRICT_OBJC_MSGSEND = YES;
				ENABLE_TESTABILITY = YES;
				GCC_C_LANGUAGE_STANDARD = gnu99;
				GCC_DYNAMIC_NO_PIC = NO;
				GCC_NO_COMMON_BLOCKS = YES;
				GCC_OPTIMIZATION_LEVEL = 0;
				GCC_PREPROCESSOR_DEFINITIONS = (
					"DEBUG=1",
					"$(inherited)",
				);
				GCC_WARN_64_TO_32_BIT_CONVERSION = YES;
				GCC_WARN_ABOUT_RETURN_TYPE = YES_ERROR;
				GCC_WARN_UNDECLARED_SELECTOR = YES;
				GCC_WARN_UNINITIALIZED_AUTOS = YES_AGGRESSIVE;
				GCC_WARN_UNUSED_FUNCTION = YES;
				GCC_WARN_UNUSED_VARIABLE = YES;
				IPHONEOS_DEPLOYMENT_TARGET = 10.3;
				MTL_ENABLE_DEBUG_INFO = YES;
				ONLY_ACTIVE_ARCH = YES;
				SDKROOT = iphoneos;
				SWIFT_ACTIVE_COMPILATION_CONDITIONS = DEBUG;
				SWIFT_OPTIMIZATION_LEVEL = "-Onone";
				TARGETED_DEVICE_FAMILY = "1,2";
			};
			name = Debug;
		};
		B0FB6BAB1EE119AF00248E63 /* Release */ = {
			isa = XCBuildConfiguration;
			buildSettings = {
				ALWAYS_SEARCH_USER_PATHS = NO;
				CLANG_ANALYZER_NONNULL = YES;
				CLANG_ANALYZER_NUMBER_OBJECT_CONVERSION = YES_AGGRESSIVE;
				CLANG_CXX_LANGUAGE_STANDARD = "gnu++0x";
				CLANG_CXX_LIBRARY = "libc++";
				CLANG_ENABLE_MODULES = YES;
				CLANG_ENABLE_OBJC_ARC = YES;
				CLANG_WARN_BOOL_CONVERSION = YES;
				CLANG_WARN_CONSTANT_CONVERSION = YES;
				CLANG_WARN_DIRECT_OBJC_ISA_USAGE = YES_ERROR;
				CLANG_WARN_DOCUMENTATION_COMMENTS = YES;
				CLANG_WARN_EMPTY_BODY = YES;
				CLANG_WARN_ENUM_CONVERSION = YES;
				CLANG_WARN_INFINITE_RECURSION = YES;
				CLANG_WARN_INT_CONVERSION = YES;
				CLANG_WARN_OBJC_ROOT_CLASS = YES_ERROR;
				CLANG_WARN_SUSPICIOUS_MOVE = YES;
				CLANG_WARN_UNREACHABLE_CODE = YES;
				CLANG_WARN__DUPLICATE_METHOD_MATCH = YES;
				"CODE_SIGN_IDENTITY[sdk=iphoneos*]" = "iPhone Developer";
				COPY_PHASE_STRIP = NO;
				DEBUG_INFORMATION_FORMAT = "dwarf-with-dsym";
				ENABLE_NS_ASSERTIONS = NO;
				ENABLE_STRICT_OBJC_MSGSEND = YES;
				GCC_C_LANGUAGE_STANDARD = gnu99;
				GCC_NO_COMMON_BLOCKS = YES;
				GCC_WARN_64_TO_32_BIT_CONVERSION = YES;
				GCC_WARN_ABOUT_RETURN_TYPE = YES_ERROR;
				GCC_WARN_UNDECLARED_SELECTOR = YES;
				GCC_WARN_UNINITIALIZED_AUTOS = YES_AGGRESSIVE;
				GCC_WARN_UNUSED_FUNCTION = YES;
				GCC_WARN_UNUSED_VARIABLE = YES;
				IPHONEOS_DEPLOYMENT_TARGET = 10.3;
				MTL_ENABLE_DEBUG_INFO = NO;
				SDKROOT = iphoneos;
				SWIFT_OPTIMIZATION_LEVEL = "-Owholemodule";
				TARGETED_DEVICE_FAMILY = "1,2";
				VALIDATE_PRODUCT = YES;
			};
			name = Release;
		};
		B0FB6BAD1EE119AF00248E63 /* Debug */ = {
			isa = XCBuildConfiguration;
			buildSettings = {
				ASSETCATALOG_COMPILER_APPICON_NAME = AppIcon;
				DEVELOPMENT_TEAM = 8SJXRJ78CW;
				INFOPLIST_FILE = Quiz/Info.plist;
				LD_RUNPATH_SEARCH_PATHS = "$(inherited) @executable_path/Frameworks";
				PRODUCT_BUNDLE_IDENTIFIER = io.github.ichenwin.Quiz;
				PRODUCT_NAME = "$(TARGET_NAME)";
				SWIFT_VERSION = 3.0;
			};
			name = Debug;
		};
		B0FB6BAE1EE119AF00248E63 /* Release */ = {
			isa = XCBuildConfiguration;
			buildSettings = {
				ASSETCATALOG_COMPILER_APPICON_NAME = AppIcon;
				DEVELOPMENT_TEAM = 8SJXRJ78CW;
				INFOPLIST_FILE = Quiz/Info.plist;
				LD_RUNPATH_SEARCH_PATHS = "$(inherited) @executable_path/Frameworks";
				PRODUCT_BUNDLE_IDENTIFIER = io.github.ichenwin.Quiz;
				PRODUCT_NAME = "$(TARGET_NAME)";
				SWIFT_VERSION = 3.0;
			};
			name = Release;
		};
		B0FB6BB01EE119AF00248E63 /* Debug */ = {
			isa = XCBuildConfiguration;
			buildSettings = {
				ALWAYS_EMBED_SWIFT_STANDARD_LIBRARIES = YES;
				BUNDLE_LOADER = "$(TEST_HOST)";
				DEVELOPMENT_TEAM = 8SJXRJ78CW;
				INFOPLIST_FILE = QuizTests/Info.plist;
				LD_RUNPATH_SEARCH_PATHS = "$(inherited) @executable_path/Frameworks @loader_path/Frameworks";
				PRODUCT_BUNDLE_IDENTIFIER = io.github.ichenwin.QuizTests;
				PRODUCT_NAME = "$(TARGET_NAME)";
				SWIFT_VERSION = 3.0;
				TEST_HOST = "$(BUILT_PRODUCTS_DIR)/Quiz.app/Quiz";
			};
			name = Debug;
		};
		B0FB6BB11EE119AF00248E63 /* Release */ = {
			isa = XCBuildConfiguration;
			buildSettings = {
				ALWAYS_EMBED_SWIFT_STANDARD_LIBRARIES = YES;
				BUNDLE_LOADER = "$(TEST_HOST)";
				DEVELOPMENT_TEAM = 8SJXRJ78CW;
				INFOPLIST_FILE = QuizTests/Info.plist;
				LD_RUNPATH_SEARCH_PATHS = "$(inherited) @executable_path/Frameworks @loader_path/Frameworks";
				PRODUCT_BUNDLE_IDENTIFIER = io.github.ichenwin.QuizTests;
				PRODUCT_NAME = "$(TARGET_NAME)";
				SWIFT_VERSION = 3.0;
				TEST_HOST = "$(BUILT_PRODUCTS_DIR)/Quiz.app/Quiz";
			};
			name = Release;
		};
		B0FB6BB31EE119AF00248E63 /* Debug */ = {
			isa = XCBuildConfiguration;
			buildSettings = {
				ALWAYS_EMBED_SWIFT_STANDARD_LIBRARIES = YES;
				DEVELOPMENT_TEAM = 8SJXRJ78CW;
				INFOPLIST_FILE = QuizUITests/Info.plist;
				LD_RUNPATH_SEARCH_PATHS = "$(inherited) @executable_path/Frameworks @loader_path/Frameworks";
				PRODUCT_BUNDLE_IDENTIFIER = io.github.ichenwin.QuizUITests;
				PRODUCT_NAME = "$(TARGET_NAME)";
				SWIFT_VERSION = 3.0;
				TEST_TARGET_NAME = Quiz;
			};
			name = Debug;
		};
		B0FB6BB41EE119AF00248E63 /* Release */ = {
			isa = XCBuildConfiguration;
			buildSettings = {
				ALWAYS_EMBED_SWIFT_STANDARD_LIBRARIES = YES;
				DEVELOPMENT_TEAM = 8SJXRJ78CW;
				INFOPLIST_FILE = QuizUITests/Info.plist;
				LD_RUNPATH_SEARCH_PATHS = "$(inherited) @executable_path/Frameworks @loader_path/Frameworks";
				PRODUCT_BUNDLE_IDENTIFIER = io.github.ichenwin.QuizUITests;
				PRODUCT_NAME = "$(TARGET_NAME)";
				SWIFT_VERSION = 3.0;
				TEST_TARGET_NAME = Quiz;
			};
			name = Release;
		};
/* End XCBuildConfiguration section */

/* Begin XCConfigurationList section */
		B0FB6B7F1EE119AE00248E63 /* Build configuration list for PBXProject "Quiz" */ = {
			isa = XCConfigurationList;
			buildConfigurations = (
				B0FB6BAA1EE119AF00248E63 /* Debug */,
				B0FB6BAB1EE119AF00248E63 /* Release */,
			);
			defaultConfigurationIsVisible = 0;
			defaultConfigurationName = Release;
		};
		B0FB6BAC1EE119AF00248E63 /* Build configuration list for PBXNativeTarget "Quiz" */ = {
			isa = XCConfigurationList;
			buildConfigurations = (
				B0FB6BAD1EE119AF00248E63 /* Debug */,
				B0FB6BAE1EE119AF00248E63 /* Release */,
			);
			defaultConfigurationIsVisible = 0;
		};
		B0FB6BAF1EE119AF00248E63 /* Build configuration list for PBXNativeTarget "QuizTests" */ = {
			isa = XCConfigurationList;
			buildConfigurations = (
				B0FB6BB01EE119AF00248E63 /* Debug */,
				B0FB6BB11EE119AF00248E63 /* Release */,
			);
			defaultConfigurationIsVisible = 0;
		};
		B0FB6BB21EE119AF00248E63 /* Build configuration list for PBXNativeTarget "QuizUITests" */ = {
			isa = XCConfigurationList;
			buildConfigurations = (
				B0FB6BB31EE119AF00248E63 /* Debug */,
				B0FB6BB41EE119AF00248E63 /* Release */,
			);
			defaultConfigurationIsVisible = 0;
		};
/* End XCConfigurationList section */
	};
	rootObject = B0FB6B7C1EE119AE00248E63 /* Project object */;
}
